
Microsoft Visual Studio Solution File, Format Version 12.00
# Visual Studio Version 17
VisualStudioVersion = 17.11.35327.3
MinimumVisualStudioVersion = 10.0.40219.1
Project("{FAE04EC0-301F-11D3-BF4B-00C04F79EFBC}") = "AS2425.3F.INF.Prof.CalcoloAltezze", "AS2425.3F.INF.Prof.CalcoloAltezze\AS2425.3F.INF.Prof.CalcoloAltezze.csproj", "{BD6F0D97-8232-430F-8833-FEACE9AAE813}"
EndProject
Global
	GlobalSection(SolutionConfigurationPlatforms) = preSolution
		Debug|Any CPU = Debug|Any CPU
		Release|Any CPU = Release|Any CPU
	EndGlobalSection
	GlobalSection(ProjectConfigurationPlatforms) = postSolution
		{BD6F0D97-8232-430F-8833-FEACE9AAE813}.Debug|Any CPU.ActiveCfg = Debug|Any CPU
		{BD6F0D97-8232-430F-8833-FEACE9AAE813}.Debug|Any CPU.Build.0 = Debug|Any CPU
		{BD6F0D97-8232-430F-8833-FEACE9AAE813}.Release|Any CPU.ActiveCfg = Release|Any CPU
		{BD6F0D97-8232-430F-8833-FEACE9AAE813}.Release|Any CPU.Build.0 = Release|Any CPU
	EndGlobalSection
	GlobalSection(SolutionProperties) = preSolution
		HideSolutionNode = FALSE
	EndGlobalSection
	GlobalSection(ExtensibilityGlobals) = postSolution
		SolutionGuid = {80704540-5CBE-4404-B6FD-37EABF538D7A}
	EndGlobalSection
EndGlobal
